# @generated - this file is auto-generated by `mise lock` https://mise.jdx.dev/dev-tools/mise-lock.html

lockfile_version = 1

[[tools."aqua:astral-sh/ruff"]]
version = "0.16.8"
backend = "aqua:astral-sh/ruff"
specifiers = ["0.16.8"]

[tools."aqua:astral-sh/ruff"."platforms.linux-arm64"]
checksum = "sha256:8ff18ee07d6ed3cfbd05fdc9012646a79482c00045dbcbf32416ef8f14ab1f7e"
url = "https://github.com/astral-sh/ruff/releases/download/0.16.8/ruff-aarch64-unknown-linux-gnu.tar.gz"
url_api = "https://api.github.com/repos/astral-sh/ruff/releases/assets/568294361"
provenance = "github-attestations"

[tools."aqua:astral-sh/ruff"."platforms.linux-arm64-musl"]
checksum = "sha256:57a4e072b6b74a4dd0036b7b253e056bdb70e02c68504ca6f2bfca2707d03fb6"
url = "https://github.com/astral-sh/ruff/releases/download/0.16.8/ruff-aarch64-unknown-linux-musl.tar.gz"
url_api = "https://api.github.com/repos/astral-sh/ruff/releases/assets/568294370"
provenance = "github-attestations"

[tools."aqua:astral-sh/ruff"."platforms.linux-x64"]
checksum = "sha256:c4a8c7c152532bcb7e7ede4bd6ccd440dcacddffcdcdd79b90090ac6021f41c2"
url = "https://github.com/astral-sh/ruff/releases/download/0.16.8/ruff-x86_64-unknown-linux-gnu.tar.gz"
url_api = "https://api.github.com/repos/astral-sh/ruff/releases/assets/568294510"
provenance = "github-attestations"

[tools."aqua:astral-sh/ruff"."platforms.linux-x64-musl"]
checksum = "sha256:e56aa612121de356f37d05f3284cd806081fb72d5dbd4814b3810c5a23c562cc"
url = "https://github.com/astral-sh/ruff/releases/download/0.16.8/ruff-x86_64-unknown-linux-musl.tar.gz"
url_api = "https://api.github.com/repos/astral-sh/ruff/releases/assets/568294522"
provenance = "github-attestations"

[tools."aqua:astral-sh/ruff"."platforms.macos-arm64"]
checksum = "sha256:0ffa53899f2970d24f14fbed8d8265c87180b159b7100794d97a1527dc60fa79"
url = "https://github.com/astral-sh/ruff/releases/download/0.16.8/ruff-aarch64-apple-darwin.tar.gz"
url_api = "https://api.github.com/repos/astral-sh/ruff/releases/assets/568294350"
provenance = "github-attestations"

[tools."aqua:astral-sh/ruff"."platforms.macos-x64"]
checksum = "sha256:bccb4d49c5c9f7e69fd42df2475730a08a641af31b8e0ee5e775e3dd829c4686"
url = "https://github.com/astral-sh/ruff/releases/download/0.16.8/ruff-x86_64-apple-darwin.tar.gz"
url_api = "https://api.github.com/repos/astral-sh/ruff/releases/assets/568294476"
provenance = "github-attestations"

[tools."aqua:astral-sh/ruff"."platforms.windows-x64"]
checksum = "sha256:7985e06caf14b0077cb68da41edbf812e1d9654fe4c144d72b71138e96350129"
url = "https://github.com/astral-sh/ruff/releases/download/0.16.8/ruff-x86_64-pc-windows-msvc.zip"
url_api = "https://api.github.com/repos/astral-sh/ruff/releases/assets/568294490"
provenance = "github-attestations"

[[tools."aqua:astral-sh/ty"]]
version = "0.0.83"
backend = "aqua:astral-sh/ty"
specifiers = ["0.0.83"]

[tools."aqua:astral-sh/ty"."platforms.linux-arm64"]
checksum = "sha256:0de6e6c215ba28579506488500a8fe91b868445de40f27bf022a4673feb6a5e0"
url = "https://github.com/astral-sh/ty/releases/download/0.0.83/ty-aarch64-unknown-linux-gnu.tar.gz"
url_api = "https://api.github.com/repos/astral-sh/ty/releases/assets/580023279"
provenance = "github-attestations"

[tools."aqua:astral-sh/ty"."platforms.linux-arm64-musl"]
checksum = "sha256:fc48538601ca7f9462b8d583b65bca88aba35bbe98ced5e8e72ca08794310630"
url = "https://github.com/astral-sh/ty/releases/download/0.0.83/ty-aarch64-unknown-linux-musl.tar.gz"
url_api = "https://api.github.com/repos/astral-sh/ty/releases/assets/580023286"
provenance = "github-attestations"

[tools."aqua:astral-sh/ty"."platforms.linux-x64"]
checksum = "sha256:dc1baa9f6135cb34712f4c7487dc8ce05fc91eb018360426eb78bba03c2e4d2e"
url = "https://github.com/astral-sh/ty/releases/download/0.0.83/ty-x86_64-unknown-linux-gnu.tar.gz"
url_api = "https://api.github.com/repos/astral-sh/ty/releases/assets/580023441"
provenance = "github-attestations"

[tools."aqua:astral-sh/ty"."platforms.linux-x64-musl"]
checksum = "sha256:019ba29db7d14023d956d08fe413fe1795f0369aa501edff0d706504879c72b4"
url = "https://github.com/astral-sh/ty/releases/download/0.0.83/ty-x86_64-unknown-linux-musl.tar.gz"
url_api = "https://api.github.com/repos/astral-sh/ty/releases/assets/580023448"
provenance = "github-attestations"

[tools."aqua:astral-sh/ty"."platforms.macos-arm64"]
checksum = "sha256:963def3419d2558e5a057329dbbbd8de54da7d73af6668c6d7f472ceffebe2c8"
url = "https://github.com/astral-sh/ty/releases/download/0.0.83/ty-aarch64-apple-darwin.tar.gz"
url_api = "https://api.github.com/repos/astral-sh/ty/releases/assets/580023255"
provenance = "github-attestations"

[tools."aqua:astral-sh/ty"."platforms.macos-x64"]
checksum = "sha256:4c1f6db572119a0e461895cd241a990ef616b30258394b02161b04d6a34d0911"
url = "https://github.com/astral-sh/ty/releases/download/0.0.83/ty-x86_64-apple-darwin.tar.gz"
url_api = "https://api.github.com/repos/astral-sh/ty/releases/assets/580023421"
provenance = "github-attestations"

[tools."aqua:astral-sh/ty"."platforms.windows-x64"]
checksum = "sha256:a6ac68c919e869b97dfd2c67cafe82e6211f7cf818ba41f48eb4223fa0bac931"
url = "https://github.com/astral-sh/ty/releases/download/0.0.83/ty-x86_64-pc-windows-msvc.zip"
url_api = "https://api.github.com/repos/astral-sh/ty/releases/assets/580023432"
provenance = "github-attestations"

[[tools."aqua:astral-sh/uv"]]
version = "0.12.18"
backend = "aqua:astral-sh/uv"
specifiers = ["0.12.18"]

[tools."aqua:astral-sh/uv"."platforms.linux-arm64"]
checksum = "sha256:afb6291f3f0a6b4521fc67b947822506c41dde5b60d2189dd8f3695b2ac8c9e7"
url = "https://github.com/astral-sh/uv/releases/download/0.12.18/uv-aarch64-unknown-linux-gnu.tar.gz"
url_api = "https://api.github.com/repos/astral-sh/uv/releases/assets/582430569"
provenance = "github-attestations"

[tools."aqua:astral-sh/uv"."platforms.linux-arm64-musl"]
checksum = "sha256:0796973fb3eea8095078c3d0659bd17a5f6789a71b8dd85caff2483178f78ac3"
url = "https://github.com/astral-sh/uv/releases/download/0.12.18/uv-aarch64-unknown-linux-musl.tar.gz"
url_api = "https://api.github.com/repos/astral-sh/uv/releases/assets/582430577"
provenance = "github-attestations"

[tools."aqua:astral-sh/uv"."platforms.linux-x64"]
checksum = "sha256:89eadd7c76fc063887959510d5ba0ab1264dfd5f1143b925ddb73021a40acf16"
url = "https://github.com/astral-sh/uv/releases/download/0.12.18/uv-x86_64-unknown-linux-gnu.tar.gz"
url_api = "https://api.github.com/repos/astral-sh/uv/releases/assets/582430671"
provenance = "github-attestations"

[tools."aqua:astral-sh/uv"."platforms.linux-x64-musl"]
checksum = "sha256:e38d97460b98ebfd31b197de0fe9fa578add4bc8ba0179b203dd3f87b99f98e6"
url = "https://github.com/astral-sh/uv/releases/download/0.12.18/uv-x86_64-unknown-linux-musl.tar.gz"
url_api = "https://api.github.com/repos/astral-sh/uv/releases/assets/582430675"
provenance = "github-attestations"

[tools."aqua:astral-sh/uv"."platforms.macos-arm64"]
checksum = "sha256:cf40e0c6a202190ccd9e0406dcfdd5b2d6668a9a5c779b17948963df32aafe5b"
url = "https://github.com/astral-sh/uv/releases/download/0.12.18/uv-aarch64-apple-darwin.tar.gz"
url_api = "https://api.github.com/repos/astral-sh/uv/releases/assets/582430554"
provenance = "github-attestations"

[tools."aqua:astral-sh/uv"."platforms.macos-x64"]
checksum = "sha256:2e4108f5395397c8bc5d43bf83d3bdbb2d0e92b90d0efa607756be704905fa33"
url = "https://github.com/astral-sh/uv/releases/download/0.12.18/uv-x86_64-apple-darwin.tar.gz"
url_api = "https://api.github.com/repos/astral-sh/uv/releases/assets/582430660"
provenance = "github-attestations"

[tools."aqua:astral-sh/uv"."platforms.windows-x64"]
checksum = "sha256:cae6a3bc25239f83dffb467a4b180508d9da23986c04639ebfa44e43e6a84bff"
url = "https://github.com/astral-sh/uv/releases/download/0.12.18/uv-x86_64-pc-windows-msvc.zip"
url_api = "https://api.github.com/repos/astral-sh/uv/releases/assets/582430665"
provenance = "github-attestations"

[[tools."aqua:hadolint/hadolint"]]
version = "2.15.1"
backend = "aqua:hadolint/hadolint"
specifiers = ["2.15.1"]

[tools."aqua:hadolint/hadolint"."platforms.linux-arm64"]
checksum = "sha256:f6198ef8090f404dbb771abfee086eb8c48ac177f30da7fd3510aca35b344b5d"
url = "https://github.com/hadolint/hadolint/releases/download/v2.15.1/hadolint-linux-arm64"
url_api = "https://api.github.com/repos/hadolint/hadolint/releases/assets/496546507"
provenance = "github-attestations"

[tools."aqua:hadolint/hadolint"."platforms.linux-arm64-musl"]
checksum = "sha256:f6198ef8090f404dbb771abfee086eb8c48ac177f30da7fd3510aca35b344b5d"
url = "https://github.com/hadolint/hadolint/releases/download/v2.15.1/hadolint-linux-arm64"
url_api = "https://api.github.com/repos/hadolint/hadolint/releases/assets/496546507"
provenance = "github-attestations"

[tools."aqua:hadolint/hadolint"."platforms.linux-x64"]
checksum = "sha256:c7187db94eeeeca956519a6af171adc31453941a1e777961f6e680f697c8c507"
url = "https://github.com/hadolint/hadolint/releases/download/v2.15.1/hadolint-linux-x86_64"
url_api = "https://api.github.com/repos/hadolint/hadolint/releases/assets/496546506"
provenance = "github-attestations"

[tools."aqua:hadolint/hadolint"."platforms.linux-x64-musl"]
checksum = "sha256:c7187db94eeeeca956519a6af171adc31453941a1e777961f6e680f697c8c507"
url = "https://github.com/hadolint/hadolint/releases/download/v2.15.1/hadolint-linux-x86_64"
url_api = "https://api.github.com/repos/hadolint/hadolint/releases/assets/496546506"
provenance = "github-attestations"

[tools."aqua:hadolint/hadolint"."platforms.macos-arm64"]
checksum = "sha256:5c09f3213f8e40406abe048233d985eebef336d4a6a20021be47fadb6cf480a2"
url = "https://github.com/hadolint/hadolint/releases/download/v2.15.1/hadolint-macos-arm64"
url_api = "https://api.github.com/repos/hadolint/hadolint/releases/assets/496546505"
provenance = "github-attestations"

[tools."aqua:hadolint/hadolint"."platforms.macos-x64"]
checksum = "sha256:ffe9bb18b23d5ed1eae50237aecdbb523d016e96da0bd4e7aa432040acfc3fde"
url = "https://github.com/hadolint/hadolint/releases/download/v2.15.1/hadolint-macos-x86_64"
url_api = "https://api.github.com/repos/hadolint/hadolint/releases/assets/496546509"
provenance = "github-attestations"

[tools."aqua:hadolint/hadolint"."platforms.windows-x64"]
checksum = "sha256:01d927294962b5387f9ead4f18679158452be4f17c765ad0bdffe5264b9c7b0a"
url = "https://github.com/hadolint/hadolint/releases/download/v2.15.1/hadolint-windows-x86_64.exe"
url_api = "https://api.github.com/repos/hadolint/hadolint/releases/assets/496546508"
provenance = "github-attestations"

[[tools."aqua:koalaman/shellcheck"]]
version = "0.11.0"
backend = "aqua:koalaman/shellcheck"
specifiers = ["0.11.0"]

[tools."aqua:koalaman/shellcheck"."platforms.linux-arm64"]
checksum = "sha256:12b331c1d2db6b9eb13cfca64306b1b157a86eb69db83023e261eaa7e7c14588"
url = "https://github.com/koalaman/shellcheck/releases/download/v0.11.0/shellcheck-v0.11.0.linux.aarch64.tar.xz"
url_api = "https://api.github.com/repos/koalaman/shellcheck/releases/assets/279056934"

[tools."aqua:koalaman/shellcheck"."platforms.linux-arm64-musl"]
checksum = "sha256:12b331c1d2db6b9eb13cfca64306b1b157a86eb69db83023e261eaa7e7c14588"
url = "https://github.com/koalaman/shellcheck/releases/download/v0.11.0/shellcheck-v0.11.0.linux.aarch64.tar.xz"
url_api = "https://api.github.com/repos/koalaman/shellcheck/releases/assets/279056934"

[tools."aqua:koalaman/shellcheck"."platforms.linux-x64"]
checksum = "sha256:8c3be12b05d5c177a04c29e3c78ce89ac86f1595681cab149b65b97c4e227198"
url = "https://github.com/koalaman/shellcheck/releases/download/v0.11.0/shellcheck-v0.11.0.linux.x86_64.tar.xz"
url_api = "https://api.github.com/repos/koalaman/shellcheck/releases/assets/279056942"

[tools."aqua:koalaman/shellcheck"."platforms.linux-x64-musl"]
checksum = "sha256:8c3be12b05d5c177a04c29e3c78ce89ac86f1595681cab149b65b97c4e227198"
url = "https://github.com/koalaman/shellcheck/releases/download/v0.11.0/shellcheck-v0.11.0.linux.x86_64.tar.xz"
url_api = "https://api.github.com/repos/koalaman/shellcheck/releases/assets/279056942"

[tools."aqua:koalaman/shellcheck"."platforms.macos-arm64"]
checksum = "sha256:56affdd8de5527894dca6dc3d7e0a99a873b0f004d7aabc30ae407d3f48b0a79"
url = "https://github.com/koalaman/shellcheck/releases/download/v0.11.0/shellcheck-v0.11.0.darwin.aarch64.tar.xz"
url_api = "https://api.github.com/repos/koalaman/shellcheck/releases/assets/279056932"

[tools."aqua:koalaman/shellcheck"."platforms.macos-x64"]
checksum = "sha256:3c89db4edcab7cf1c27bff178882e0f6f27f7afdf54e859fa041fca10febe4c6"
url = "https://github.com/koalaman/shellcheck/releases/download/v0.11.0/shellcheck-v0.11.0.darwin.x86_64.tar.xz"
url_api = "https://api.github.com/repos/koalaman/shellcheck/releases/assets/279056930"

[tools."aqua:koalaman/shellcheck"."platforms.windows-x64"]
checksum = "sha256:8a4e35ab0b331c85d73567b12f2a444df187f483e5079ceffa6bda1faa2e740e"
url = "https://github.com/koalaman/shellcheck/releases/download/v0.11.0/shellcheck-v0.11.0.zip"
url_api = "https://api.github.com/repos/koalaman/shellcheck/releases/assets/279056944"

[[tools."aqua:mvdan/sh"]]
version = "3.14.0"
backend = "aqua:mvdan/sh"
specifiers = ["3.14.0"]

[tools."aqua:mvdan/sh"."platforms.linux-arm64"]
checksum = "sha256:8029959a945b5c6f2bc92ce53fca5cf0384c811cc0884b25b196a093a005657a"
url = "https://github.com/mvdan/sh/releases/download/v3.14.0/shfmt_v3.14.0_linux_arm64"
url_api = "https://api.github.com/repos/mvdan/sh/releases/assets/534119958"

[tools."aqua:mvdan/sh"."platforms.linux-arm64-musl"]
checksum = "sha256:8029959a945b5c6f2bc92ce53fca5cf0384c811cc0884b25b196a093a005657a"
url = "https://github.com/mvdan/sh/releases/download/v3.14.0/shfmt_v3.14.0_linux_arm64"
url_api = "https://api.github.com/repos/mvdan/sh/releases/assets/534119958"

[tools."aqua:mvdan/sh"."platforms.linux-x64"]
checksum = "sha256:fe42021c7272ef2d67ea36cbc3031683c625d0badec733ef3a57b567246a0b66"
url = "https://github.com/mvdan/sh/releases/download/v3.14.0/shfmt_v3.14.0_linux_amd64"
url_api = "https://api.github.com/repos/mvdan/sh/releases/assets/534119985"

[tools."aqua:mvdan/sh"."platforms.linux-x64-musl"]
checksum = "sha256:fe42021c7272ef2d67ea36cbc3031683c625d0badec733ef3a57b567246a0b66"
url = "https://github.com/mvdan/sh/releases/download/v3.14.0/shfmt_v3.14.0_linux_amd64"
url_api = "https://api.github.com/repos/mvdan/sh/releases/assets/534119985"

[tools."aqua:mvdan/sh"."platforms.macos-arm64"]
checksum = "sha256:4710ba8074a74334069719d5b82f8cb97532e5623bfe43ef7cdb3442101b9cb2"
url = "https://github.com/mvdan/sh/releases/download/v3.14.0/shfmt_v3.14.0_darwin_arm64"
url_api = "https://api.github.com/repos/mvdan/sh/releases/assets/534120008"

[tools."aqua:mvdan/sh"."platforms.macos-x64"]
checksum = "sha256:74255a8087d74a79f5c1307db807e7efa8f062c429e3a05c075550392e0dcfa1"
url = "https://github.com/mvdan/sh/releases/download/v3.14.0/shfmt_v3.14.0_darwin_amd64"
url_api = "https://api.github.com/repos/mvdan/sh/releases/assets/534120026"

[tools."aqua:mvdan/sh"."platforms.windows-x64"]
checksum = "sha256:6738a3e155fbfec3bedc70962f9cd1610197587a43b5d7100f405239d8e11375"
url = "https://github.com/mvdan/sh/releases/download/v3.14.0/shfmt_v3.14.0_windows_amd64.exe"
url_api = "https://api.github.com/repos/mvdan/sh/releases/assets/534119909"

[[tools."aqua:suzuki-shunsuke/ghalint"]]
version = "1.5.6"
backend = "aqua:suzuki-shunsuke/ghalint"
specifiers = ["1.5.6"]

[tools."aqua:suzuki-shunsuke/ghalint"."platforms.linux-arm64"]
checksum = "sha256:203a22c70b40bb161626973ad2a8dd06aeb736699fc8e03dd425dee8ff3406e6"
url = "https://github.com/suzuki-shunsuke/ghalint/releases/download/v1.5.6/ghalint_1.5.6_linux_arm64.tar.gz"
url_api = "https://api.github.com/repos/suzuki-shunsuke/ghalint/releases/assets/409631231"

[tools."aqua:suzuki-shunsuke/ghalint"."platforms.linux-arm64".provenance.slsa]
url = "https://github.com/suzuki-shunsuke/ghalint/releases/download/v1.5.6/multiple.intoto.jsonl"

[tools."aqua:suzuki-shunsuke/ghalint"."platforms.linux-arm64-musl"]
checksum = "sha256:203a22c70b40bb161626973ad2a8dd06aeb736699fc8e03dd425dee8ff3406e6"
url = "https://github.com/suzuki-shunsuke/ghalint/releases/download/v1.5.6/ghalint_1.5.6_linux_arm64.tar.gz"
url_api = "https://api.github.com/repos/suzuki-shunsuke/ghalint/releases/assets/409631231"

[tools."aqua:suzuki-shunsuke/ghalint"."platforms.linux-arm64-musl".provenance.slsa]
url = "https://github.com/suzuki-shunsuke/ghalint/releases/download/v1.5.6/multiple.intoto.jsonl"

[tools."aqua:suzuki-shunsuke/ghalint"."platforms.linux-x64"]
checksum = "sha256:98ee0e3330de7286f470d1e89c03ff7ce70d7a5998ba0f15969c400447be579c"
url = "https://github.com/suzuki-shunsuke/ghalint/releases/download/v1.5.6/ghalint_1.5.6_linux_amd64.tar.gz"
url_api = "https://api.github.com/repos/suzuki-shunsuke/ghalint/releases/assets/409631220"

[tools."aqua:suzuki-shunsuke/ghalint"."platforms.linux-x64".provenance.slsa]
url = "https://github.com/suzuki-shunsuke/ghalint/releases/download/v1.5.6/multiple.intoto.jsonl"

[tools."aqua:suzuki-shunsuke/ghalint"."platforms.linux-x64-musl"]
checksum = "sha256:98ee0e3330de7286f470d1e89c03ff7ce70d7a5998ba0f15969c400447be579c"
url = "https://github.com/suzuki-shunsuke/ghalint/releases/download/v1.5.6/ghalint_1.5.6_linux_amd64.tar.gz"
url_api = "https://api.github.com/repos/suzuki-shunsuke/ghalint/releases/assets/409631220"

[tools."aqua:suzuki-shunsuke/ghalint"."platforms.linux-x64-musl".provenance.slsa]
url = "https://github.com/suzuki-shunsuke/ghalint/releases/download/v1.5.6/multiple.intoto.jsonl"

[tools."aqua:suzuki-shunsuke/ghalint"."platforms.macos-arm64"]
checksum = "sha256:1262cac411e27b4653e6b66b7b06580ebcc2026fdd903e12e6cb0e4591639de6"
url = "https://github.com/suzuki-shunsuke/ghalint/releases/download/v1.5.6/ghalint_1.5.6_darwin_arm64.tar.gz"
url_api = "https://api.github.com/repos/suzuki-shunsuke/ghalint/releases/assets/409631219"

[tools."aqua:suzuki-shunsuke/ghalint"."platforms.macos-arm64".provenance.slsa]
url = "https://github.com/suzuki-shunsuke/ghalint/releases/download/v1.5.6/multiple.intoto.jsonl"

[tools."aqua:suzuki-shunsuke/ghalint"."platforms.macos-x64"]
checksum = "sha256:d2a0e8605333068065dcf4c9b7b7a24891eda1750ac01fb755dfba426a390883"
url = "https://github.com/suzuki-shunsuke/ghalint/releases/download/v1.5.6/ghalint_1.5.6_darwin_amd64.tar.gz"
url_api = "https://api.github.com/repos/suzuki-shunsuke/ghalint/releases/assets/409631204"

[tools."aqua:suzuki-shunsuke/ghalint"."platforms.macos-x64".provenance.slsa]
url = "https://github.com/suzuki-shunsuke/ghalint/releases/download/v1.5.6/multiple.intoto.jsonl"

[tools."aqua:suzuki-shunsuke/ghalint"."platforms.windows-x64"]
checksum = "sha256:109ea9b39c8e263cef924bd3b4fe5505964204f934ca60d986f4090d01a99ba5"
url = "https://github.com/suzuki-shunsuke/ghalint/releases/download/v1.5.6/ghalint_1.5.6_windows_amd64.zip"
url_api = "https://api.github.com/repos/suzuki-shunsuke/ghalint/releases/assets/409631234"

[tools."aqua:suzuki-shunsuke/ghalint"."platforms.windows-x64".provenance.slsa]
url = "https://github.com/suzuki-shunsuke/ghalint/releases/download/v1.5.6/multiple.intoto.jsonl"

[[tools."aqua:suzuki-shunsuke/pinact"]]
version = "4.1.1"
backend = "aqua:suzuki-shunsuke/pinact"
specifiers = ["4.1.1"]

[tools."aqua:suzuki-shunsuke/pinact"."platforms.linux-arm64"]
checksum = "sha256:dd1f29908319ed3e59f9fe6b39196efbb76936357f3bd741cd759a96306ae8d8"
url = "https://github.com/suzuki-shunsuke/pinact/releases/download/v4.1.1/pinact_linux_arm64.tar.gz"
url_api = "https://api.github.com/repos/suzuki-shunsuke/pinact/releases/assets/494702261"
provenance = "github-attestations"

[tools."aqua:suzuki-shunsuke/pinact"."platforms.linux-arm64-musl"]
checksum = "sha256:dd1f29908319ed3e59f9fe6b39196efbb76936357f3bd741cd759a96306ae8d8"
url = "https://github.com/suzuki-shunsuke/pinact/releases/download/v4.1.1/pinact_linux_arm64.tar.gz"
url_api = "https://api.github.com/repos/suzuki-shunsuke/pinact/releases/assets/494702261"
provenance = "github-attestations"

[tools."aqua:suzuki-shunsuke/pinact"."platforms.linux-x64"]
checksum = "sha256:d1cffebe5704b74e2e5f8a864efb9f7e54768972dc686188c008033fb1797841"
url = "https://github.com/suzuki-shunsuke/pinact/releases/download/v4.1.1/pinact_linux_amd64.tar.gz"
url_api = "https://api.github.com/repos/suzuki-shunsuke/pinact/releases/assets/494702259"
provenance = "github-attestations"

[tools."aqua:suzuki-shunsuke/pinact"."platforms.linux-x64-musl"]
checksum = "sha256:d1cffebe5704b74e2e5f8a864efb9f7e54768972dc686188c008033fb1797841"
url = "https://github.com/suzuki-shunsuke/pinact/releases/download/v4.1.1/pinact_linux_amd64.tar.gz"
url_api = "https://api.github.com/repos/suzuki-shunsuke/pinact/releases/assets/494702259"
provenance = "github-attestations"

[tools."aqua:suzuki-shunsuke/pinact"."platforms.macos-arm64"]
checksum = "sha256:c13998c9f0dd09d8973700938aa5f6ac52a1db4e94d4f578d8cc976cda478614"
url = "https://github.com/suzuki-shunsuke/pinact/releases/download/v4.1.1/pinact_darwin_arm64.tar.gz"
url_api = "https://api.github.com/repos/suzuki-shunsuke/pinact/releases/assets/494702257"
provenance = "github-attestations"

[tools."aqua:suzuki-shunsuke/pinact"."platforms.macos-x64"]
checksum = "sha256:513678fdb0bb59b2742dd06d28f0ee851496a83ba939954009aa6be53f5aec9c"
url = "https://github.com/suzuki-shunsuke/pinact/releases/download/v4.1.1/pinact_darwin_amd64.tar.gz"
url_api = "https://api.github.com/repos/suzuki-shunsuke/pinact/releases/assets/494702250"
provenance = "github-attestations"

[tools."aqua:suzuki-shunsuke/pinact"."platforms.windows-x64"]
checksum = "sha256:88db480a3f8833d7233b482a72c97308df558ebceb0d3214775889239901f6a9"
url = "https://github.com/suzuki-shunsuke/pinact/releases/download/v4.1.1/pinact_windows_amd64.zip"
url_api = "https://api.github.com/repos/suzuki-shunsuke/pinact/releases/assets/494702288"
provenance = "github-attestations"

[[tools."aqua:zizmorcore/zizmor"]]
version = "1.30.0"
backend = "aqua:zizmorcore/zizmor"
specifiers = ["1.30.0"]

[tools."aqua:zizmorcore/zizmor"."platforms.linux-arm64"]
checksum = "sha256:018a024d6b6d09733b07f6ef42838d984c23ec04bc9b2acd55f7d67826aeafe5"
url = "https://github.com/zizmorcore/zizmor/releases/download/v1.30.0/zizmor-aarch64-unknown-linux-gnu.tar.gz"
url_api = "https://api.github.com/repos/zizmorcore/zizmor/releases/assets/537081734"
provenance = "github-attestations"

[tools."aqua:zizmorcore/zizmor"."platforms.linux-arm64-musl"]
provenance = "github-attestations"

[tools."aqua:zizmorcore/zizmor"."platforms.linux-x64"]
checksum = "sha256:ec8c95cd800845abb9bbc5f377ec7c57d2eb8e2386a00a201d3a74ee4092e5ed"
url = "https://github.com/zizmorcore/zizmor/releases/download/v1.30.0/zizmor-x86_64-unknown-linux-gnu.tar.gz"
url_api = "https://api.github.com/repos/zizmorcore/zizmor/releases/assets/537081732"
provenance = "github-attestations"

[tools."aqua:zizmorcore/zizmor"."platforms.linux-x64-musl"]
provenance = "github-attestations"

[tools."aqua:zizmorcore/zizmor"."platforms.macos-arm64"]
checksum = "sha256:c9c5d83730efb86f2cd71b487605c00a4d63903e4f9458485ed5eac3b1924ab1"
url = "https://github.com/zizmorcore/zizmor/releases/download/v1.30.0/zizmor-aarch64-apple-darwin.tar.gz"
url_api = "https://api.github.com/repos/zizmorcore/zizmor/releases/assets/537081737"
provenance = "github-attestations"

[tools."aqua:zizmorcore/zizmor"."platforms.macos-x64"]
checksum = "sha256:343c85c8f709edf14bf3c8781d53574975ecbb2d23c80ed1eab4932ab0a72343"
url = "https://github.com/zizmorcore/zizmor/releases/download/v1.30.0/zizmor-x86_64-apple-darwin.tar.gz"
url_api = "https://api.github.com/repos/zizmorcore/zizmor/releases/assets/537081736"
provenance = "github-attestations"

[tools."aqua:zizmorcore/zizmor"."platforms.windows-x64"]
checksum = "sha256:a2fcf298b84d3d8498a3d718bb63f0abe26823bf68a11f0f439620f8f2f878f0"
url = "https://github.com/zizmorcore/zizmor/releases/download/v1.30.0/zizmor-x86_64-pc-windows-msvc.zip"
url_api = "https://api.github.com/repos/zizmorcore/zizmor/releases/assets/537081735"
provenance = "github-attestations"

[[tools."github:iwamot/gitignore-prune"]]
version = "0.1.1"
backend = "github:iwamot/gitignore-prune"
specifiers = ["0.1.1"]

[tools."github:iwamot/gitignore-prune"."platforms.linux-arm64"]
checksum = "sha256:4aff967ccd9b6a3801d25e9435545d7abb2584c412672496b77cc8f4aae9efea"
url = "https://github.com/iwamot/gitignore-prune/releases/download/v0.1.1/gitignore-prune_0.1.1_linux_arm64.tar.gz"
url_api = "https://api.github.com/repos/iwamot/gitignore-prune/releases/assets/523784063"
provenance = "github-attestations"

[tools."github:iwamot/gitignore-prune"."platforms.linux-arm64-musl"]
checksum = "sha256:4aff967ccd9b6a3801d25e9435545d7abb2584c412672496b77cc8f4aae9efea"
url = "https://github.com/iwamot/gitignore-prune/releases/download/v0.1.1/gitignore-prune_0.1.1_linux_arm64.tar.gz"
url_api = "https://api.github.com/repos/iwamot/gitignore-prune/releases/assets/523784063"
provenance = "github-attestations"

[tools."github:iwamot/gitignore-prune"."platforms.linux-x64"]
checksum = "sha256:29793fdf8c8f9bf68152ac2f04724a22ace8f508f660e417799b3be2d6924bd9"
url = "https://github.com/iwamot/gitignore-prune/releases/download/v0.1.1/gitignore-prune_0.1.1_linux_amd64.tar.gz"
url_api = "https://api.github.com/repos/iwamot/gitignore-prune/releases/assets/523784061"
provenance = "github-attestations"

[tools."github:iwamot/gitignore-prune"."platforms.linux-x64-musl"]
checksum = "sha256:29793fdf8c8f9bf68152ac2f04724a22ace8f508f660e417799b3be2d6924bd9"
url = "https://github.com/iwamot/gitignore-prune/releases/download/v0.1.1/gitignore-prune_0.1.1_linux_amd64.tar.gz"
url_api = "https://api.github.com/repos/iwamot/gitignore-prune/releases/assets/523784061"
provenance = "github-attestations"

[tools."github:iwamot/gitignore-prune"."platforms.macos-arm64"]
checksum = "sha256:daf0b72d763ac5906d1d63ebcfeb9a3ab65a08f2d01eef35485208182688f271"
url = "https://github.com/iwamot/gitignore-prune/releases/download/v0.1.1/gitignore-prune_0.1.1_darwin_arm64.tar.gz"
url_api = "https://api.github.com/repos/iwamot/gitignore-prune/releases/assets/523784065"
provenance = "github-attestations"

[tools."github:iwamot/gitignore-prune"."platforms.macos-x64"]
checksum = "sha256:7016b88966413bf66a73c5d6a03c831fe04bcab1fbce52bffcbf13452cb97cc2"
url = "https://github.com/iwamot/gitignore-prune/releases/download/v0.1.1/gitignore-prune_0.1.1_darwin_amd64.tar.gz"
url_api = "https://api.github.com/repos/iwamot/gitignore-prune/releases/assets/523784064"
provenance = "github-attestations"

[tools."github:iwamot/gitignore-prune"."platforms.windows-x64"]
checksum = "sha256:5bcf2b5aa4215c2102c3609b4beb331438b5f27e02becd9221fdcb58edeb0e19"
url = "https://github.com/iwamot/gitignore-prune/releases/download/v0.1.1/gitignore-prune_0.1.1_windows_amd64.zip"
url_api = "https://api.github.com/repos/iwamot/gitignore-prune/releases/assets/523784075"
provenance = "github-attestations"

[[tools."github:kjanat/actionlint"]]
version = "1.13.0"
backend = "github:kjanat/actionlint"
specifiers = ["1.13.0"]

[tools."github:kjanat/actionlint"."platforms.linux-arm64"]
checksum = "sha256:66fc4e30c73f7300e76fcc7fa31d06f83d69985eeabc0e6817e5b0eccfcaee25"
url = "https://github.com/kjanat/actionlint/releases/download/v1.13.0/actionlint_1.13.0_linux_arm64.tar.gz"
url_api = "https://api.github.com/repos/kjanat/actionlint/releases/assets/534417114"
provenance = "github-attestations"

[tools."github:kjanat/actionlint"."platforms.linux-arm64-musl"]
checksum = "sha256:66fc4e30c73f7300e76fcc7fa31d06f83d69985eeabc0e6817e5b0eccfcaee25"
url = "https://github.com/kjanat/actionlint/releases/download/v1.13.0/actionlint_1.13.0_linux_arm64.tar.gz"
url_api = "https://api.github.com/repos/kjanat/actionlint/releases/assets/534417114"
provenance = "github-attestations"

[tools."github:kjanat/actionlint"."platforms.linux-x64"]
checksum = "sha256:e4106b4c56be58223ce4b68f97a272ae49483ef306c38b5837cefd5616a2c791"
url = "https://github.com/kjanat/actionlint/releases/download/v1.13.0/actionlint_1.13.0_linux_amd64.tar.gz"
url_api = "https://api.github.com/repos/kjanat/actionlint/releases/assets/534417115"
provenance = "github-attestations"

[tools."github:kjanat/actionlint"."platforms.linux-x64-musl"]
checksum = "sha256:e4106b4c56be58223ce4b68f97a272ae49483ef306c38b5837cefd5616a2c791"
url = "https://github.com/kjanat/actionlint/releases/download/v1.13.0/actionlint_1.13.0_linux_amd64.tar.gz"
url_api = "https://api.github.com/repos/kjanat/actionlint/releases/assets/534417115"
provenance = "github-attestations"

[tools."github:kjanat/actionlint"."platforms.macos-arm64"]
checksum = "sha256:5800c16968b636ec37f8f03e8c5d630fd1b5ab2fc7043987cb6dd6b03277c37d"
url = "https://github.com/kjanat/actionlint/releases/download/v1.13.0/actionlint_1.13.0_darwin_arm64.tar.gz"
url_api = "https://api.github.com/repos/kjanat/actionlint/releases/assets/534417117"
provenance = "github-attestations"

[tools."github:kjanat/actionlint"."platforms.macos-x64"]
checksum = "sha256:9ff536ffdccd35a878f568dab0daad0464b85d6bce9b82970104c2697ab3ea02"
url = "https://github.com/kjanat/actionlint/releases/download/v1.13.0/actionlint_1.13.0_darwin_amd64.tar.gz"
url_api = "https://api.github.com/repos/kjanat/actionlint/releases/assets/534417101"
provenance = "github-attestations"

[tools."github:kjanat/actionlint"."platforms.windows-x64"]
checksum = "sha256:3338dfe4e1ba5d9b1230f5efd2d7e08c3393de9537b575fb011739efd011aa17"
url = "https://github.com/kjanat/actionlint/releases/download/v1.13.0/actionlint_1.13.0_windows_amd64.zip"
url_api = "https://api.github.com/repos/kjanat/actionlint/releases/assets/534417128"
provenance = "github-attestations"

[[tools."pipx:uv-override-prune"]]
version = "1.0.0"
backend = "pipx:uv-override-prune"
specifiers = ["1.0.0"]

[[tools.python]]
version = "3.14.7"
backend = "core:python"
specifiers = ["3.14.7"]

[tools.python."platforms.linux-arm64"]
checksum = "sha256:f278d66c15e81f6c77719892e3eb32ff4bca5fc4ab424e171d14bc12bb88b4ee"
url = "https://github.com/astral-sh/python-build-standalone/releases/download/20260805/cpython-3.14.7+20260805-aarch64-unknown-linux-gnu-install_only_stripped.tar.gz"
provenance = "github-attestations"

[tools.python."platforms.linux-arm64-musl"]
checksum = "sha256:b014b2aaa2e2b5b48739c751869de21e6cec94df720d56ecc9e5335a9a7dfe3c"
url = "https://github.com/astral-sh/python-build-standalone/releases/download/20260805/cpython-3.14.7+20260805-aarch64-unknown-linux-musl-install_only_stripped.tar.gz"
provenance = "github-attestations"

[tools.python."platforms.linux-x64"]
checksum = "sha256:a3a4e4b81b138960c7c546694df8a77578c0b6aa46d47e96f49b9e10e8f860c9"
url = "https://github.com/astral-sh/python-build-standalone/releases/download/20260805/cpython-3.14.7+20260805-x86_64-unknown-linux-gnu-install_only_stripped.tar.gz"
provenance = "github-attestations"

[tools.python."platforms.linux-x64-musl"]
checksum = "sha256:55aad270d776b9e5f983e5b1b2aba23433fca5f8f0b5ce423da5aafe2c784935"
url = "https://github.com/astral-sh/python-build-standalone/releases/download/20260805/cpython-3.14.7+20260805-x86_64-unknown-linux-musl-install_only_stripped.tar.gz"
provenance = "github-attestations"

[tools.python."platforms.macos-arm64"]
checksum = "sha256:abbf6e8530a283ed795fa91fd6bcf4501e2b1fa287b2cb1c15b70d3028f3a7c9"
url = "https://github.com/astral-sh/python-build-standalone/releases/download/20260805/cpython-3.14.7+20260805-aarch64-apple-darwin-install_only_stripped.tar.gz"
provenance = "github-attestations"

[tools.python."platforms.macos-x64"]
checksum = "sha256:e0e8e70dc98a7b9ddcc434ff6c46ff19d7386160e0308ba0e637d5f2f971380d"
url = "https://github.com/astral-sh/python-build-standalone/releases/download/20260805/cpython-3.14.7+20260805-x86_64-apple-darwin-install_only_stripped.tar.gz"
provenance = "github-attestations"

[tools.python."platforms.windows-x64"]
checksum = "sha256:d4582ec0f8c80524d341bee5b92b1612104123845cdfc835c64cb0153214be5f"
url = "https://github.com/astral-sh/python-build-standalone/releases/download/20260805/cpython-3.14.7+20260805-x86_64-pc-windows-msvc-install_only_stripped.tar.gz"
provenance = "github-attestations"
