# @generated - this file is auto-generated by `mise lock` https://mise.jdx.dev/dev-tools/mise-lock.html

[[tools."aqua:astral-sh/ruff"]]
version = "0.15.21"
backend = "aqua:astral-sh/ruff"

[tools."aqua:astral-sh/ruff"."platforms.linux-arm64"]
checksum = "sha256:2ec7c0077431f96f74c3c72aea6505e902bc2ff47127653c8de1389ee30a3cb3"
url = "https://github.com/astral-sh/ruff/releases/download/0.15.21/ruff-aarch64-unknown-linux-musl.tar.gz"
url_api = "https://api.github.com/repos/astral-sh/ruff/releases/assets/471700003"
provenance = "github-attestations"

[tools."aqua:astral-sh/ruff"."platforms.linux-arm64-musl"]
checksum = "sha256:2ec7c0077431f96f74c3c72aea6505e902bc2ff47127653c8de1389ee30a3cb3"
url = "https://github.com/astral-sh/ruff/releases/download/0.15.21/ruff-aarch64-unknown-linux-musl.tar.gz"
url_api = "https://api.github.com/repos/astral-sh/ruff/releases/assets/471700003"
provenance = "github-attestations"

[tools."aqua:astral-sh/ruff"."platforms.linux-x64"]
checksum = "sha256:7e157ff9a2e13676118c587e6db0ec02d040e415b21014346d230e64789c0e78"
url = "https://github.com/astral-sh/ruff/releases/download/0.15.21/ruff-x86_64-unknown-linux-musl.tar.gz"
url_api = "https://api.github.com/repos/astral-sh/ruff/releases/assets/471700081"
provenance = "github-attestations"

[tools."aqua:astral-sh/ruff"."platforms.linux-x64-musl"]
checksum = "sha256:7e157ff9a2e13676118c587e6db0ec02d040e415b21014346d230e64789c0e78"
url = "https://github.com/astral-sh/ruff/releases/download/0.15.21/ruff-x86_64-unknown-linux-musl.tar.gz"
url_api = "https://api.github.com/repos/astral-sh/ruff/releases/assets/471700081"
provenance = "github-attestations"

[tools."aqua:astral-sh/ruff"."platforms.macos-arm64"]
checksum = "sha256:0452f9d5da6e8051d332cf21ae82a608d8e2cfeec5a71a46ffa9e50adbb2381d"
url = "https://github.com/astral-sh/ruff/releases/download/0.15.21/ruff-aarch64-apple-darwin.tar.gz"
url_api = "https://api.github.com/repos/astral-sh/ruff/releases/assets/471699864"
provenance = "github-attestations"

[tools."aqua:astral-sh/ruff"."platforms.macos-x64"]
checksum = "sha256:7e6ff3bd585b5b7c47634c957ac84fb5806d3c7ab4ef0e5ec1c53ce272f489da"
url = "https://github.com/astral-sh/ruff/releases/download/0.15.21/ruff-x86_64-apple-darwin.tar.gz"
url_api = "https://api.github.com/repos/astral-sh/ruff/releases/assets/471700061"
provenance = "github-attestations"

[tools."aqua:astral-sh/ruff"."platforms.windows-x64"]
checksum = "sha256:035c59abfd7bd1102e0b656f5771e6ae7a712a45ef54b5ab575541c7ff7d1eb0"
url = "https://github.com/astral-sh/ruff/releases/download/0.15.21/ruff-x86_64-pc-windows-msvc.zip"
url_api = "https://api.github.com/repos/astral-sh/ruff/releases/assets/471700068"
provenance = "github-attestations"

[[tools."aqua:astral-sh/ty"]]
version = "0.0.59"
backend = "aqua:astral-sh/ty"

[tools."aqua:astral-sh/ty"."platforms.linux-arm64"]
checksum = "sha256:8d92f98a3a1f8a799419b78ca645f64ede26b4ada3406b9d18cc6c3d56e58fd2"
url = "https://github.com/astral-sh/ty/releases/download/0.0.59/ty-aarch64-unknown-linux-musl.tar.gz"
url_api = "https://api.github.com/repos/astral-sh/ty/releases/assets/474698954"
provenance = "github-attestations"

[tools."aqua:astral-sh/ty"."platforms.linux-arm64-musl"]
checksum = "sha256:8d92f98a3a1f8a799419b78ca645f64ede26b4ada3406b9d18cc6c3d56e58fd2"
url = "https://github.com/astral-sh/ty/releases/download/0.0.59/ty-aarch64-unknown-linux-musl.tar.gz"
url_api = "https://api.github.com/repos/astral-sh/ty/releases/assets/474698954"
provenance = "github-attestations"

[tools."aqua:astral-sh/ty"."platforms.linux-x64"]
checksum = "sha256:6038c362f4ad340741a5b1ebb5ffa9d227983b145c2c7f8baf98fe1cab3acfc5"
url = "https://github.com/astral-sh/ty/releases/download/0.0.59/ty-x86_64-unknown-linux-musl.tar.gz"
url_api = "https://api.github.com/repos/astral-sh/ty/releases/assets/474699013"
provenance = "github-attestations"

[tools."aqua:astral-sh/ty"."platforms.linux-x64-musl"]
checksum = "sha256:6038c362f4ad340741a5b1ebb5ffa9d227983b145c2c7f8baf98fe1cab3acfc5"
url = "https://github.com/astral-sh/ty/releases/download/0.0.59/ty-x86_64-unknown-linux-musl.tar.gz"
url_api = "https://api.github.com/repos/astral-sh/ty/releases/assets/474699013"
provenance = "github-attestations"

[tools."aqua:astral-sh/ty"."platforms.macos-arm64"]
checksum = "sha256:920497d7bf09f1bebbeccbe3ddec0dc00485e7c0bbd9fd4839dced77aafbcc71"
url = "https://github.com/astral-sh/ty/releases/download/0.0.59/ty-aarch64-apple-darwin.tar.gz"
url_api = "https://api.github.com/repos/astral-sh/ty/releases/assets/474698925"
provenance = "github-attestations"

[tools."aqua:astral-sh/ty"."platforms.macos-x64"]
checksum = "sha256:3010df34b67ee1f061baf6e339bfa08ca8bd6b141020ab67606ef7835b3d5d46"
url = "https://github.com/astral-sh/ty/releases/download/0.0.59/ty-x86_64-apple-darwin.tar.gz"
url_api = "https://api.github.com/repos/astral-sh/ty/releases/assets/474699001"
provenance = "github-attestations"

[tools."aqua:astral-sh/ty"."platforms.windows-x64"]
checksum = "sha256:0e5ef0fd783ef5921259edd404dd4f000a75732660bf5247f70e6a3713efa55f"
url = "https://github.com/astral-sh/ty/releases/download/0.0.59/ty-x86_64-pc-windows-msvc.zip"
url_api = "https://api.github.com/repos/astral-sh/ty/releases/assets/474699003"
provenance = "github-attestations"

[[tools."aqua:astral-sh/uv"]]
version = "0.11.28"
backend = "aqua:astral-sh/uv"

[tools."aqua:astral-sh/uv"."platforms.linux-arm64"]
checksum = "sha256:da10cdfa7d92212b7acb62021a0fd61bcf8580c58c3632ec915d10c3a1a7906b"
url = "https://github.com/astral-sh/uv/releases/download/0.11.28/uv-aarch64-unknown-linux-musl.tar.gz"
url_api = "https://api.github.com/repos/astral-sh/uv/releases/assets/469655715"
provenance = "github-attestations"

[tools."aqua:astral-sh/uv"."platforms.linux-arm64-musl"]
checksum = "sha256:da10cdfa7d92212b7acb62021a0fd61bcf8580c58c3632ec915d10c3a1a7906b"
url = "https://github.com/astral-sh/uv/releases/download/0.11.28/uv-aarch64-unknown-linux-musl.tar.gz"
url_api = "https://api.github.com/repos/astral-sh/uv/releases/assets/469655715"
provenance = "github-attestations"

[tools."aqua:astral-sh/uv"."platforms.linux-x64"]
checksum = "sha256:f02146b371c35c287d860f003ece7345c86e358a3fd70a9b63700cd141ee7fb4"
url = "https://github.com/astral-sh/uv/releases/download/0.11.28/uv-x86_64-unknown-linux-musl.tar.gz"
url_api = "https://api.github.com/repos/astral-sh/uv/releases/assets/469655835"
provenance = "github-attestations"

[tools."aqua:astral-sh/uv"."platforms.linux-x64-musl"]
checksum = "sha256:f02146b371c35c287d860f003ece7345c86e358a3fd70a9b63700cd141ee7fb4"
url = "https://github.com/astral-sh/uv/releases/download/0.11.28/uv-x86_64-unknown-linux-musl.tar.gz"
url_api = "https://api.github.com/repos/astral-sh/uv/releases/assets/469655835"
provenance = "github-attestations"

[tools."aqua:astral-sh/uv"."platforms.macos-arm64"]
checksum = "sha256:33540eb7c883ab857eff79bd5ac2aa31fe27b595abecb4a9c003a2c998447232"
url = "https://github.com/astral-sh/uv/releases/download/0.11.28/uv-aarch64-apple-darwin.tar.gz"
url_api = "https://api.github.com/repos/astral-sh/uv/releases/assets/469655699"
provenance = "github-attestations"

[tools."aqua:astral-sh/uv"."platforms.macos-x64"]
checksum = "sha256:2ad79983127ffca7d77b77ce6a24278d7e4f7b817a1acf72fea5f8124b4aac5e"
url = "https://github.com/astral-sh/uv/releases/download/0.11.28/uv-x86_64-apple-darwin.tar.gz"
url_api = "https://api.github.com/repos/astral-sh/uv/releases/assets/469655811"
provenance = "github-attestations"

[tools."aqua:astral-sh/uv"."platforms.windows-x64"]
checksum = "sha256:0a23463216d09c6a72ff80ef5dc5a795f07dc1575cb84d24596c2f124a441b7b"
url = "https://github.com/astral-sh/uv/releases/download/0.11.28/uv-x86_64-pc-windows-msvc.zip"
url_api = "https://api.github.com/repos/astral-sh/uv/releases/assets/469655815"
provenance = "github-attestations"

[[tools."pipx:uv-override-prune"]]
version = "0.0.10"
backend = "pipx:uv-override-prune"

[[tools.python]]
version = "3.14.6"
backend = "core:python"

[tools.python."platforms.linux-arm64"]
checksum = "sha256:f177d40ca931df03f660fc006f86ad8cd2ac6e7d6b5d54edbc625103464fc4aa"
url = "https://github.com/astral-sh/python-build-standalone/releases/download/20260623/cpython-3.14.6+20260623-aarch64-unknown-linux-gnu-install_only_stripped.tar.gz"
provenance = "github-attestations"

[tools.python."platforms.linux-arm64-musl"]
checksum = "sha256:11d463be3e2d34ea67722acfd8f3f2d6d6e5b6b4d4ab27240f220628134a0141"
url = "https://github.com/astral-sh/python-build-standalone/releases/download/20260623/cpython-3.14.6+20260623-aarch64-unknown-linux-musl-install_only_stripped.tar.gz"
provenance = "github-attestations"

[tools.python."platforms.linux-x64"]
checksum = "sha256:c172314f4a8ec137a8f605289010c3d19c8b56867d968f0095074cc68efa1d29"
url = "https://github.com/astral-sh/python-build-standalone/releases/download/20260623/cpython-3.14.6+20260623-x86_64-unknown-linux-gnu-install_only_stripped.tar.gz"
provenance = "github-attestations"

[tools.python."platforms.linux-x64-musl"]
checksum = "sha256:f25064ecb3b07cfe2440b178e72001cf1e0d69a5e53625ca3a32b7ae4e2fdcc6"
url = "https://github.com/astral-sh/python-build-standalone/releases/download/20260623/cpython-3.14.6+20260623-x86_64-unknown-linux-musl-install_only_stripped.tar.gz"
provenance = "github-attestations"

[tools.python."platforms.macos-arm64"]
checksum = "sha256:35d774f61d63c1fd4f1bc9495a7ada92e500dc4382a0df8a9910eb87ea48e8cf"
url = "https://github.com/astral-sh/python-build-standalone/releases/download/20260623/cpython-3.14.6+20260623-aarch64-apple-darwin-install_only_stripped.tar.gz"
provenance = "github-attestations"

[tools.python."platforms.macos-x64"]
checksum = "sha256:12fb3ea3d6a855fe6ca1c2241702b06cb7e5939fbef09a5f54bf326e480f66af"
url = "https://github.com/astral-sh/python-build-standalone/releases/download/20260623/cpython-3.14.6+20260623-x86_64-apple-darwin-install_only_stripped.tar.gz"
provenance = "github-attestations"

[tools.python."platforms.windows-x64"]
checksum = "sha256:ec05b628ad749682d06d225780fbc02e7bbb5ce2146c9bd8e74a3659b14b693a"
url = "https://github.com/astral-sh/python-build-standalone/releases/download/20260623/cpython-3.14.6+20260623-x86_64-pc-windows-msvc-install_only_stripped.tar.gz"
provenance = "github-attestations"
