# @generated - this file is auto-generated by `mise lock` https://mise.jdx.dev/dev-tools/mise-lock.html

[[tools."aqua:astral-sh/ruff"]]
version = "0.16.1"
backend = "aqua:astral-sh/ruff"

[tools."aqua:astral-sh/ruff"."platforms.linux-arm64"]
checksum = "sha256:5929d9f37fc518a3825f33a76ad8092c0555ca045ca1dbf5e680038a402c840c"
url = "https://github.com/astral-sh/ruff/releases/download/0.16.1/ruff-aarch64-unknown-linux-musl.tar.gz"
url_api = "https://api.github.com/repos/astral-sh/ruff/releases/assets/495779006"
provenance = "github-attestations"

[tools."aqua:astral-sh/ruff"."platforms.linux-arm64-musl"]
checksum = "sha256:5929d9f37fc518a3825f33a76ad8092c0555ca045ca1dbf5e680038a402c840c"
url = "https://github.com/astral-sh/ruff/releases/download/0.16.1/ruff-aarch64-unknown-linux-musl.tar.gz"
url_api = "https://api.github.com/repos/astral-sh/ruff/releases/assets/495779006"
provenance = "github-attestations"

[tools."aqua:astral-sh/ruff"."platforms.linux-x64"]
checksum = "sha256:23469683052cd2db1589f15032dd1751b2a3f212062e9fc901b0776d25fb36bc"
url = "https://github.com/astral-sh/ruff/releases/download/0.16.1/ruff-x86_64-unknown-linux-musl.tar.gz"
url_api = "https://api.github.com/repos/astral-sh/ruff/releases/assets/495779139"
provenance = "github-attestations"

[tools."aqua:astral-sh/ruff"."platforms.linux-x64-musl"]
checksum = "sha256:23469683052cd2db1589f15032dd1751b2a3f212062e9fc901b0776d25fb36bc"
url = "https://github.com/astral-sh/ruff/releases/download/0.16.1/ruff-x86_64-unknown-linux-musl.tar.gz"
url_api = "https://api.github.com/repos/astral-sh/ruff/releases/assets/495779139"
provenance = "github-attestations"

[tools."aqua:astral-sh/ruff"."platforms.macos-arm64"]
checksum = "sha256:a8df4e8e9f22e3b0ae0b9f165ddaafb7e34df692197a6c1a361e7426f90681d5"
url = "https://github.com/astral-sh/ruff/releases/download/0.16.1/ruff-aarch64-apple-darwin.tar.gz"
url_api = "https://api.github.com/repos/astral-sh/ruff/releases/assets/495778992"
provenance = "github-attestations"

[tools."aqua:astral-sh/ruff"."platforms.macos-x64"]
checksum = "sha256:00396fb9db4cb04e07ad277e6b10d845e6767f0a2aae67e1a57aa65fa01334f0"
url = "https://github.com/astral-sh/ruff/releases/download/0.16.1/ruff-x86_64-apple-darwin.tar.gz"
url_api = "https://api.github.com/repos/astral-sh/ruff/releases/assets/495779121"
provenance = "github-attestations"

[tools."aqua:astral-sh/ruff"."platforms.windows-x64"]
checksum = "sha256:f37898d133acba7df8cbd130abc3b58b98243d7f3ab751087193dde8887955c4"
url = "https://github.com/astral-sh/ruff/releases/download/0.16.1/ruff-x86_64-pc-windows-msvc.zip"
url_api = "https://api.github.com/repos/astral-sh/ruff/releases/assets/495779128"
provenance = "github-attestations"

[[tools."aqua:astral-sh/ty"]]
version = "0.0.67"
backend = "aqua:astral-sh/ty"

[tools."aqua:astral-sh/ty"."platforms.linux-arm64"]
checksum = "sha256:a6665d62f04e41c5cf549d924bd5721d04b71d554aeefee02601af8c68cab432"
url = "https://github.com/astral-sh/ty/releases/download/0.0.67/ty-aarch64-unknown-linux-musl.tar.gz"
url_api = "https://api.github.com/repos/astral-sh/ty/releases/assets/502963152"
provenance = "github-attestations"

[tools."aqua:astral-sh/ty"."platforms.linux-arm64-musl"]
checksum = "sha256:a6665d62f04e41c5cf549d924bd5721d04b71d554aeefee02601af8c68cab432"
url = "https://github.com/astral-sh/ty/releases/download/0.0.67/ty-aarch64-unknown-linux-musl.tar.gz"
url_api = "https://api.github.com/repos/astral-sh/ty/releases/assets/502963152"
provenance = "github-attestations"

[tools."aqua:astral-sh/ty"."platforms.linux-x64"]
checksum = "sha256:67b786421b765ce8290d0c74e3afb5caad158d18400693ca2dbba3ad3045d32e"
url = "https://github.com/astral-sh/ty/releases/download/0.0.67/ty-x86_64-unknown-linux-musl.tar.gz"
url_api = "https://api.github.com/repos/astral-sh/ty/releases/assets/502963216"
provenance = "github-attestations"

[tools."aqua:astral-sh/ty"."platforms.linux-x64-musl"]
checksum = "sha256:67b786421b765ce8290d0c74e3afb5caad158d18400693ca2dbba3ad3045d32e"
url = "https://github.com/astral-sh/ty/releases/download/0.0.67/ty-x86_64-unknown-linux-musl.tar.gz"
url_api = "https://api.github.com/repos/astral-sh/ty/releases/assets/502963216"
provenance = "github-attestations"

[tools."aqua:astral-sh/ty"."platforms.macos-arm64"]
checksum = "sha256:7b65306e9440570d536197d398d9778df618d3e0bc19719ccf3bf22999a6b272"
url = "https://github.com/astral-sh/ty/releases/download/0.0.67/ty-aarch64-apple-darwin.tar.gz"
url_api = "https://api.github.com/repos/astral-sh/ty/releases/assets/502963114"
provenance = "github-attestations"

[tools."aqua:astral-sh/ty"."platforms.macos-x64"]
checksum = "sha256:083af0753829f5491bf95cdfeb10a81391d64a0e1fc3c2f8885d9c9c8502552a"
url = "https://github.com/astral-sh/ty/releases/download/0.0.67/ty-x86_64-apple-darwin.tar.gz"
url_api = "https://api.github.com/repos/astral-sh/ty/releases/assets/502963203"
provenance = "github-attestations"

[tools."aqua:astral-sh/ty"."platforms.windows-x64"]
checksum = "sha256:335741883060f1da1fa803f2bac509c5b8bdab060a6d3bbb63f45176a2e87242"
url = "https://github.com/astral-sh/ty/releases/download/0.0.67/ty-x86_64-pc-windows-msvc.zip"
url_api = "https://api.github.com/repos/astral-sh/ty/releases/assets/502963209"
provenance = "github-attestations"

[[tools."aqua:astral-sh/uv"]]
version = "0.12.1"
backend = "aqua:astral-sh/uv"

[tools."aqua:astral-sh/uv"."platforms.linux-arm64"]
checksum = "sha256:ce218dad9eb48a39dd86160bec6291fac7275f20a9cabcc4bc10dd2c757208f8"
url = "https://github.com/astral-sh/uv/releases/download/0.12.1/uv-aarch64-unknown-linux-musl.tar.gz"
url_api = "https://api.github.com/repos/astral-sh/uv/releases/assets/497097080"
provenance = "github-attestations"

[tools."aqua:astral-sh/uv"."platforms.linux-arm64-musl"]
checksum = "sha256:ce218dad9eb48a39dd86160bec6291fac7275f20a9cabcc4bc10dd2c757208f8"
url = "https://github.com/astral-sh/uv/releases/download/0.12.1/uv-aarch64-unknown-linux-musl.tar.gz"
url_api = "https://api.github.com/repos/astral-sh/uv/releases/assets/497097080"
provenance = "github-attestations"

[tools."aqua:astral-sh/uv"."platforms.linux-x64"]
checksum = "sha256:47823f814693bab8623308341369190de30b5c621eec5b1ee20352eae8c7982c"
url = "https://github.com/astral-sh/uv/releases/download/0.12.1/uv-x86_64-unknown-linux-musl.tar.gz"
url_api = "https://api.github.com/repos/astral-sh/uv/releases/assets/497097157"
provenance = "github-attestations"

[tools."aqua:astral-sh/uv"."platforms.linux-x64-musl"]
checksum = "sha256:47823f814693bab8623308341369190de30b5c621eec5b1ee20352eae8c7982c"
url = "https://github.com/astral-sh/uv/releases/download/0.12.1/uv-x86_64-unknown-linux-musl.tar.gz"
url_api = "https://api.github.com/repos/astral-sh/uv/releases/assets/497097157"
provenance = "github-attestations"

[tools."aqua:astral-sh/uv"."platforms.macos-arm64"]
checksum = "sha256:77d2906988e8074fd43f2f329ec452ebbf9b0c257ba1c66451c71de70a6baf42"
url = "https://github.com/astral-sh/uv/releases/download/0.12.1/uv-aarch64-apple-darwin.tar.gz"
url_api = "https://api.github.com/repos/astral-sh/uv/releases/assets/497097062"
provenance = "github-attestations"

[tools."aqua:astral-sh/uv"."platforms.macos-x64"]
checksum = "sha256:69d9f9a00337f25a50dcb13882052da08b8469bac11091c98c5694c3c6721467"
url = "https://github.com/astral-sh/uv/releases/download/0.12.1/uv-x86_64-apple-darwin.tar.gz"
url_api = "https://api.github.com/repos/astral-sh/uv/releases/assets/497097144"
provenance = "github-attestations"

[tools."aqua:astral-sh/uv"."platforms.windows-x64"]
checksum = "sha256:8fcb0cb46e1229065e344758980924e569bef5882ef45f46fada8fb24e06b74a"
url = "https://github.com/astral-sh/uv/releases/download/0.12.1/uv-x86_64-pc-windows-msvc.zip"
url_api = "https://api.github.com/repos/astral-sh/uv/releases/assets/497097149"
provenance = "github-attestations"

[[tools."pipx:uv-override-prune"]]
version = "0.0.10"
backend = "pipx:uv-override-prune"

[[tools.python]]
version = "3.14.7"
backend = "core:python"

[tools.python."platforms.linux-arm64"]
checksum = "sha256:f278d66c15e81f6c77719892e3eb32ff4bca5fc4ab424e171d14bc12bb88b4ee"
url = "https://github.com/astral-sh/python-build-standalone/releases/download/20260805/cpython-3.14.7+20260805-aarch64-unknown-linux-gnu-install_only_stripped.tar.gz"
provenance = "github-attestations"

[tools.python."platforms.linux-arm64-musl"]
checksum = "sha256:b014b2aaa2e2b5b48739c751869de21e6cec94df720d56ecc9e5335a9a7dfe3c"
url = "https://github.com/astral-sh/python-build-standalone/releases/download/20260805/cpython-3.14.7+20260805-aarch64-unknown-linux-musl-install_only_stripped.tar.gz"
provenance = "github-attestations"

[tools.python."platforms.linux-x64"]
checksum = "sha256:a3a4e4b81b138960c7c546694df8a77578c0b6aa46d47e96f49b9e10e8f860c9"
url = "https://github.com/astral-sh/python-build-standalone/releases/download/20260805/cpython-3.14.7+20260805-x86_64-unknown-linux-gnu-install_only_stripped.tar.gz"
provenance = "github-attestations"

[tools.python."platforms.linux-x64-musl"]
checksum = "sha256:55aad270d776b9e5f983e5b1b2aba23433fca5f8f0b5ce423da5aafe2c784935"
url = "https://github.com/astral-sh/python-build-standalone/releases/download/20260805/cpython-3.14.7+20260805-x86_64-unknown-linux-musl-install_only_stripped.tar.gz"
provenance = "github-attestations"

[tools.python."platforms.macos-arm64"]
checksum = "sha256:abbf6e8530a283ed795fa91fd6bcf4501e2b1fa287b2cb1c15b70d3028f3a7c9"
url = "https://github.com/astral-sh/python-build-standalone/releases/download/20260805/cpython-3.14.7+20260805-aarch64-apple-darwin-install_only_stripped.tar.gz"
provenance = "github-attestations"

[tools.python."platforms.macos-x64"]
checksum = "sha256:e0e8e70dc98a7b9ddcc434ff6c46ff19d7386160e0308ba0e637d5f2f971380d"
url = "https://github.com/astral-sh/python-build-standalone/releases/download/20260805/cpython-3.14.7+20260805-x86_64-apple-darwin-install_only_stripped.tar.gz"
provenance = "github-attestations"

[tools.python."platforms.windows-x64"]
checksum = "sha256:d4582ec0f8c80524d341bee5b92b1612104123845cdfc835c64cb0153214be5f"
url = "https://github.com/astral-sh/python-build-standalone/releases/download/20260805/cpython-3.14.7+20260805-x86_64-pc-windows-msvc-install_only_stripped.tar.gz"
provenance = "github-attestations"
